{
  "name": "IPM_Chain",
  "lockfileVersion": 3,
  "requires": true,
  "packages": {
    "": {
      "dependencies": {
        "@types/crypto-js": "^4.2.2",
        "crypto-js": "^4.2.0"
      }
    },
    "node_modules/@types/crypto-js": {
      "version": "4.2.2",
      "license": "MIT"
    },
    "node_modules/crypto-js": {
      "version": "4.2.0",
      "license": "MIT"
    }
  }
}
